
Microsoft Visual Studio Solution File, Format Version 12.00
Project("{FAE04EC0-301F-11D3-BF4B-00C04F79EFBC}") = "PaymentGateway.Core", "PaymentGateway.Core\PaymentGateway.Core.csproj", "{6D2A94A9-32C9-4C39-86F4-32AD9F3AD708}"
EndProject
Project("{FAE04EC0-301F-11D3-BF4B-00C04F79EFBC}") = "PaymentGateway.Infrastructure", "PaymentGateway.Infrastructure\PaymentGateway.Infrastructure.csproj", "{C9BACA5E-3E23-4F06-8D59-5D084AC635A8}"
EndProject
Project("{FAE04EC0-301F-11D3-BF4B-00C04F79EFBC}") = "PaymentGateway.Application", "PaymentGateway.Application\PaymentGateway.Application.csproj", "{61E04695-153B-4CD9-A7F7-902FFE6EEDF3}"
EndProject
Project("{FAE04EC0-301F-11D3-BF4B-00C04F79EFBC}") = "PaymentGateway.Api", "PaymentGateway.Api\PaymentGateway.Api.csproj", "{5615D7CB-81DA-44E9-960B-701F0E4D0C5C}"
EndProject
Project("{FAE04EC0-301F-11D3-BF4B-00C04F79EFBC}") = "PaymentGateway.Shared", "PaymentGateway.Shared\PaymentGateway.Shared.csproj", "{AEE5C007-EAAE-4AFE-91D6-4133DA353C90}"
EndProject
Project("{FAE04EC0-301F-11D3-BF4B-00C04F79EFBC}") = "PaymentGateway.Web", "PaymentGateway.Web\PaymentGateway.Web.csproj", "{9A233321-9E09-4467-98A0-9B8041928AFA}"
EndProject
Project("{FAE04EC0-301F-11D3-BF4B-00C04F79EFBC}") = "PaymentGateway.PhoneApp", "PaymentGateway.PhoneApp\PaymentGateway.PhoneApp.csproj", "{00363CA9-0097-463E-9196-6C417D113572}"
EndProject
Global
	GlobalSection(SolutionConfigurationPlatforms) = preSolution
		Debug|Any CPU = Debug|Any CPU
		Release|Any CPU = Release|Any CPU
	EndGlobalSection
	GlobalSection(ProjectConfigurationPlatforms) = postSolution
		{6D2A94A9-32C9-4C39-86F4-32AD9F3AD708}.Debug|Any CPU.ActiveCfg = Debug|Any CPU
		{6D2A94A9-32C9-4C39-86F4-32AD9F3AD708}.Debug|Any CPU.Build.0 = Debug|Any CPU
		{6D2A94A9-32C9-4C39-86F4-32AD9F3AD708}.Release|Any CPU.ActiveCfg = Release|Any CPU
		{6D2A94A9-32C9-4C39-86F4-32AD9F3AD708}.Release|Any CPU.Build.0 = Release|Any CPU
		{C9BACA5E-3E23-4F06-8D59-5D084AC635A8}.Debug|Any CPU.ActiveCfg = Debug|Any CPU
		{C9BACA5E-3E23-4F06-8D59-5D084AC635A8}.Debug|Any CPU.Build.0 = Debug|Any CPU
		{C9BACA5E-3E23-4F06-8D59-5D084AC635A8}.Release|Any CPU.ActiveCfg = Release|Any CPU
		{C9BACA5E-3E23-4F06-8D59-5D084AC635A8}.Release|Any CPU.Build.0 = Release|Any CPU
		{61E04695-153B-4CD9-A7F7-902FFE6EEDF3}.Debug|Any CPU.ActiveCfg = Debug|Any CPU
		{61E04695-153B-4CD9-A7F7-902FFE6EEDF3}.Debug|Any CPU.Build.0 = Debug|Any CPU
		{61E04695-153B-4CD9-A7F7-902FFE6EEDF3}.Release|Any CPU.ActiveCfg = Release|Any CPU
		{61E04695-153B-4CD9-A7F7-902FFE6EEDF3}.Release|Any CPU.Build.0 = Release|Any CPU
		{5615D7CB-81DA-44E9-960B-701F0E4D0C5C}.Debug|Any CPU.ActiveCfg = Debug|Any CPU
		{5615D7CB-81DA-44E9-960B-701F0E4D0C5C}.Debug|Any CPU.Build.0 = Debug|Any CPU
		{5615D7CB-81DA-44E9-960B-701F0E4D0C5C}.Release|Any CPU.ActiveCfg = Release|Any CPU
		{5615D7CB-81DA-44E9-960B-701F0E4D0C5C}.Release|Any CPU.Build.0 = Release|Any CPU
		{AEE5C007-EAAE-4AFE-91D6-4133DA353C90}.Debug|Any CPU.ActiveCfg = Debug|Any CPU
		{AEE5C007-EAAE-4AFE-91D6-4133DA353C90}.Debug|Any CPU.Build.0 = Debug|Any CPU
		{AEE5C007-EAAE-4AFE-91D6-4133DA353C90}.Release|Any CPU.ActiveCfg = Release|Any CPU
		{AEE5C007-EAAE-4AFE-91D6-4133DA353C90}.Release|Any CPU.Build.0 = Release|Any CPU
		{9A233321-9E09-4467-98A0-9B8041928AFA}.Debug|Any CPU.ActiveCfg = Debug|Any CPU
		{9A233321-9E09-4467-98A0-9B8041928AFA}.Debug|Any CPU.Build.0 = Debug|Any CPU
		{9A233321-9E09-4467-98A0-9B8041928AFA}.Release|Any CPU.ActiveCfg = Release|Any CPU
		{9A233321-9E09-4467-98A0-9B8041928AFA}.Release|Any CPU.Build.0 = Release|Any CPU
		{00363CA9-0097-463E-9196-6C417D113572}.Debug|Any CPU.ActiveCfg = Debug|Any CPU
		{00363CA9-0097-463E-9196-6C417D113572}.Debug|Any CPU.Build.0 = Debug|Any CPU
		{00363CA9-0097-463E-9196-6C417D113572}.Release|Any CPU.ActiveCfg = Release|Any CPU
		{00363CA9-0097-463E-9196-6C417D113572}.Release|Any CPU.Build.0 = Release|Any CPU
	EndGlobalSection
EndGlobal
